
Microsoft Visual Studio Solution File, Format Version 12.00
# Visual Studio 15
VisualStudioVersion = 15.0.28307.136
MinimumVisualStudioVersion = 10.0.40219.1
Project("{FAE04EC0-301F-11D3-BF4B-00C04F79EFBC}") = "paycell-web-api-client", "paycell-web-api-client\paycell-web-api-client.csproj", "{F1320D88-F055-4FE9-A81D-6DF28B92830B}"
EndProject
Global
	GlobalSection(SolutionConfigurationPlatforms) = preSolution
		Debug|Any CPU = Debug|Any CPU
		Release|Any CPU = Release|Any CPU
	EndGlobalSection
	GlobalSection(ProjectConfigurationPlatforms) = postSolution
		{F1320D88-F055-4FE9-A81D-6DF28B92830B}.Debug|Any CPU.ActiveCfg = Debug|Any CPU
		{F1320D88-F055-4FE9-A81D-6DF28B92830B}.Debug|Any CPU.Build.0 = Debug|Any CPU
		{F1320D88-F055-4FE9-A81D-6DF28B92830B}.Release|Any CPU.ActiveCfg = Release|Any CPU
		{F1320D88-F055-4FE9-A81D-6DF28B92830B}.Release|Any CPU.Build.0 = Release|Any CPU
	EndGlobalSection
	GlobalSection(SolutionProperties) = preSolution
		HideSolutionNode = FALSE
	EndGlobalSection
	GlobalSection(ExtensibilityGlobals) = postSolution
		SolutionGuid = {230A6FDC-D284-4363-ACF5-3DEBCE34F09D}
	EndGlobalSection
EndGlobal
